proto_outdir = "./grpc-deps/target/protobuf_external_src"

[[dependencies]]
  target = "github.com/coralogix/rules-api-protobuf/"
  revision = "f2b159d3ca1fabc28c7c83d3781b5cf1faf6dc69"
  branch = "master"
  path = ""
  protocol = "https"

[[dependencies]]
  target = "github.com/coralogix/alerts-api-protobuf/"
  revision = "1a53783d49f2b417caf03a4bb814f1910a67d2d5"
  branch = "master"
  path = ""
  protocol = "https"

[[dependencies]]
  target = "github.com/coralogix/cx-api-user-settings/"
  revision = "2a95d9a3b160755edaf5972796fef91aa83ae59a"
  branch = "feature/user-settings-v2"
  path = ""
  protocol = "ssh"
