proto_outdir = "./grpc-deps/target/protobuf_external_src"

[[dependencies]]
  target = "github.com/coralogix/rules-api-protobuf/"
  subgroup = ""
  revision = "60d89c5a28af84648eadf8cfc4457cdf882f17f8"
  branch = ""
  path = ""
  protocol = ""

[[dependencies]]
  target = "github.com/coralogix/alerts-api-protobuf/"
  subgroup = ""
  revision = "ccdeeb5abded45841213a477e929d116db910fd7"
  branch = ""
  path = ""
  protocol = ""
